# This file is generated by running "yarn install" inside your project.
# Manual changes might be lost - proceed with caution!

__metadata:
  version: 8
  cacheKey: 10

"@cspotcode/source-map-support@npm:^0.8.0":
  version: 0.8.1
  resolution: "@cspotcode/source-map-support@npm:0.8.1"
  dependencies:
    "@jridgewell/trace-mapping": "npm:0.3.9"
  checksum: b6e38a1712fab242c86a241c229cf562195aad985d0564bd352ac404be583029e89e93028ffd2c251d2c407ecac5fb0cbdca94a2d5c10f29ac806ede0508b3ff
  languageName: node
  linkType: hard

"@jridgewell/resolve-uri@npm:^3.0.3":
  version: 3.1.1
  resolution: "@jridgewell/resolve-uri@npm:3.1.1"
  checksum: 64d59df8ae1a4e74315eb1b61e012f1c7bc8aac47a3a1e683f6fe7008eab07bc512a742b7aa7c0405685d1421206de58c9c2e6adbfe23832f8bd69408ffc183e
  languageName: node
  linkType: hard

"@jridgewell/sourcemap-codec@npm:^1.4.10":
  version: 1.4.15
  resolution: "@jridgewell/sourcemap-codec@npm:1.4.15"
  checksum: 89960ac087781b961ad918978975bcdf2051cd1741880469783c42de64239703eab9db5230d776d8e6a09d73bb5e4cb964e07d93ee6e2e7aea5a7d726e865c09
  languageName: node
  linkType: hard

"@jridgewell/trace-mapping@npm:0.3.9":
  version: 0.3.9
  resolution: "@jridgewell/trace-mapping@npm:0.3.9"
  dependencies:
    "@jridgewell/resolve-uri": "npm:^3.0.3"
    "@jridgewell/sourcemap-codec": "npm:^1.4.10"
  checksum: 83deafb8e7a5ca98993c2c6eeaa93c270f6f647a4c0dc00deb38c9cf9b2d3b7bf15e8839540155247ef034a052c0ec4466f980bf0c9e2ab63b97d16c0cedd3ff
  languageName: node
  linkType: hard

"@tsconfig/node10@npm:^1.0.7":
  version: 1.0.9
  resolution: "@tsconfig/node10@npm:1.0.9"
  checksum: a33ae4dc2a621c0678ac8ac4bceb8e512ae75dac65417a2ad9b022d9b5411e863c4c198b6ba9ef659e14b9fb609bbec680841a2e84c1172df7a5ffcf076539df
  languageName: node
  linkType: hard

"@tsconfig/node12@npm:^1.0.7":
  version: 1.0.11
  resolution: "@tsconfig/node12@npm:1.0.11"
  checksum: 5ce29a41b13e7897a58b8e2df11269c5395999e588b9a467386f99d1d26f6c77d1af2719e407621412520ea30517d718d5192a32403b8dfcc163bf33e40a338a
  languageName: node
  linkType: hard

"@tsconfig/node14@npm:^1.0.0":
  version: 1.0.3
  resolution: "@tsconfig/node14@npm:1.0.3"
  checksum: 19275fe80c4c8d0ad0abed6a96dbf00642e88b220b090418609c4376e1cef81bf16237bf170ad1b341452feddb8115d8dd2e5acdfdea1b27422071163dc9ba9d
  languageName: node
  linkType: hard

"@tsconfig/node16@npm:^1.0.2":
  version: 1.0.4
  resolution: "@tsconfig/node16@npm:1.0.4"
  checksum: 202319785901f942a6e1e476b872d421baec20cf09f4b266a1854060efbf78cde16a4d256e8bc949d31e6cd9a90f1e8ef8fb06af96a65e98338a2b6b0de0a0ff
  languageName: node
  linkType: hard

"@types/node@npm:^20.11.30":
  version: 20.11.30
  resolution: "@types/node@npm:20.11.30"
  dependencies:
    undici-types: "npm:~5.26.4"
  checksum: 78515bc768d2b878e2e06a1c20eb4f5840072b79b8d28ff3dd0a7feaaf48fd3a2ac03cfa5bc7564da82db5906b43e9ba0e5df9f43d870b7aae2942306e208815
  languageName: node
  linkType: hard

"acorn-walk@npm:^8.1.1":
  version: 8.2.0
  resolution: "acorn-walk@npm:8.2.0"
  checksum: e69f7234f2adfeb16db3671429a7c80894105bd7534cb2032acf01bb26e6a847952d11a062d071420b43f8d82e33d2e57f26fe87d9cce0853e8143d8910ff1de
  languageName: node
  linkType: hard

"acorn@npm:^8.4.1":
  version: 8.10.0
  resolution: "acorn@npm:8.10.0"
  bin:
    acorn: bin/acorn
  checksum: 522310c20fdc3c271caed3caf0f06c51d61cb42267279566edd1d58e83dbc12eebdafaab666a0f0be1b7ad04af9c6bc2a6f478690a9e6391c3c8b165ada917dd
  languageName: node
  linkType: hard

"arg@npm:^4.1.0":
  version: 4.1.3
  resolution: "arg@npm:4.1.3"
  checksum: 969b491082f20cad166649fa4d2073ea9e974a4e5ac36247ca23d2e5a8b3cb12d60e9ff70a8acfe26d76566c71fd351ee5e6a9a6595157eb36f92b1fd64e1599
  languageName: node
  linkType: hard

"create-require@npm:^1.1.0":
  version: 1.1.1
  resolution: "create-require@npm:1.1.1"
  checksum: a9a1503d4390d8b59ad86f4607de7870b39cad43d929813599a23714831e81c520bddf61bcdd1f8e30f05fd3a2b71ae8538e946eb2786dc65c2bbc520f692eff
  languageName: node
  linkType: hard

"diff@npm:^4.0.1":
  version: 4.0.2
  resolution: "diff@npm:4.0.2"
  checksum: ec09ec2101934ca5966355a229d77afcad5911c92e2a77413efda5455636c4cf2ce84057e2d7715227a2eeeda04255b849bd3ae3a4dd22eb22e86e76456df069
  languageName: node
  linkType: hard

"fp-ts@npm:^2.16.5":
  version: 2.16.5
  resolution: "fp-ts@npm:2.16.5"
  checksum: 2274ae9f65597321f308ea0b11637c4d8aa21f14f16981da8bf3187aaed88b9ab9fd5df2f40976809b3b504b845cf60c1601919364937d9b0d65044e0f076b81
  languageName: node
  linkType: hard

"logging-ts@npm:^0.3.4":
  version: 0.3.4
  resolution: "logging-ts@npm:0.3.4"
  peerDependencies:
    fp-ts: ^2.0.5
  checksum: 7b0d57d938775a9ed1b3965a167db4c78275b6c5f2037650f9b36f1a7a0506ac27f647bdcd12259f06fa90251a8cacb511f0c78d1627be8d4c9e95352e3f1ded
  languageName: node
  linkType: hard

"make-error@npm:^1.1.1":
  version: 1.3.6
  resolution: "make-error@npm:1.3.6"
  checksum: b86e5e0e25f7f777b77fabd8e2cbf15737972869d852a22b7e73c17623928fccb826d8e46b9951501d3f20e51ad74ba8c59ed584f610526a48f8ccf88aaec402
  languageName: node
  linkType: hard

"ti-fptsu@workspace:.":
  version: 0.0.0-use.local
  resolution: "ti-fptsu@workspace:."
  dependencies:
    "@types/node": "npm:^20.11.30"
    fp-ts: "npm:^2.16.5"
    logging-ts: "npm:^0.3.4"
    ts-node: "npm:^10.9.2"
    typescript: "npm:^5.4.2"
  peerDependencies:
    fp-ts: "*"
    logging-ts: "*"
  languageName: unknown
  linkType: soft

"ts-node@npm:^10.9.2":
  version: 10.9.2
  resolution: "ts-node@npm:10.9.2"
  dependencies:
    "@cspotcode/source-map-support": "npm:^0.8.0"
    "@tsconfig/node10": "npm:^1.0.7"
    "@tsconfig/node12": "npm:^1.0.7"
    "@tsconfig/node14": "npm:^1.0.0"
    "@tsconfig/node16": "npm:^1.0.2"
    acorn: "npm:^8.4.1"
    acorn-walk: "npm:^8.1.1"
    arg: "npm:^4.1.0"
    create-require: "npm:^1.1.0"
    diff: "npm:^4.0.1"
    make-error: "npm:^1.1.1"
    v8-compile-cache-lib: "npm:^3.0.1"
    yn: "npm:3.1.1"
  peerDependencies:
    "@swc/core": ">=1.2.50"
    "@swc/wasm": ">=1.2.50"
    "@types/node": "*"
    typescript: ">=2.7"
  peerDependenciesMeta:
    "@swc/core":
      optional: true
    "@swc/wasm":
      optional: true
  bin:
    ts-node: dist/bin.js
    ts-node-cwd: dist/bin-cwd.js
    ts-node-esm: dist/bin-esm.js
    ts-node-script: dist/bin-script.js
    ts-node-transpile-only: dist/bin-transpile.js
    ts-script: dist/bin-script-deprecated.js
  checksum: a91a15b3c9f76ac462f006fa88b6bfa528130dcfb849dd7ef7f9d640832ab681e235b8a2bc58ecde42f72851cc1d5d4e22c901b0c11aa51001ea1d395074b794
  languageName: node
  linkType: hard

"typescript@npm:^5.4.2":
  version: 5.4.2
  resolution: "typescript@npm:5.4.2"
  bin:
    tsc: bin/tsc
    tsserver: bin/tsserver
  checksum: f8cfdc630ab1672f004e9561eb2916935b2d267792d07ce93e97fc601c7a65191af32033d5e9c0169b7dc37da7db9bf320f7432bc84527cb7697effaa4e4559d
  languageName: node
  linkType: hard

"typescript@patch:typescript@npm%3A^5.4.2#optional!builtin<compat/typescript>":
  version: 5.4.2
  resolution: "typescript@patch:typescript@npm%3A5.4.2#optional!builtin<compat/typescript>::version=5.4.2&hash=e012d7"
  bin:
    tsc: bin/tsc
    tsserver: bin/tsserver
  checksum: ef4fc2994cc0219dc9ada94c92106ba8d44cbfd7a0328ed6f8d730311caf66e114cdfa07fbc6f369bfc0fc182d9493851b3bf1644c06fc5818690b19ee960d72
  languageName: node
  linkType: hard

"undici-types@npm:~5.26.4":
  version: 5.26.5
  resolution: "undici-types@npm:5.26.5"
  checksum: 0097779d94bc0fd26f0418b3a05472410408877279141ded2bd449167be1aed7ea5b76f756562cb3586a07f251b90799bab22d9019ceba49c037c76445f7cddd
  languageName: node
  linkType: hard

"v8-compile-cache-lib@npm:^3.0.1":
  version: 3.0.1
  resolution: "v8-compile-cache-lib@npm:3.0.1"
  checksum: 88d3423a52b6aaf1836be779cab12f7016d47ad8430dffba6edf766695e6d90ad4adaa3d8eeb512cc05924f3e246c4a4ca51e089dccf4402caa536b5e5be8961
  languageName: node
  linkType: hard

"yn@npm:3.1.1":
  version: 3.1.1
  resolution: "yn@npm:3.1.1"
  checksum: 2c487b0e149e746ef48cda9f8bad10fc83693cd69d7f9dcd8be4214e985de33a29c9e24f3c0d6bcf2288427040a8947406ab27f7af67ee9456e6b84854f02dd6
  languageName: node
  linkType: hard
